
Microsoft Visual Studio Solution File, Format Version 12.00
# Visual Studio Version 17
VisualStudioVersion = 17.0.31919.166
MinimumVisualStudioVersion = 10.0.40219.1
Project("{888888A0-9F3D-457C-B088-3A5042F75D52}") = "BackTrader", "BackTrader.pyproj", "{974A21CA-1E6B-4562-BCC5-A0B6965BDEFE}"
EndProject
Global
	GlobalSection(SolutionConfigurationPlatforms) = preSolution
		Debug|Any CPU = Debug|Any CPU
		Release|Any CPU = Release|Any CPU
	EndGlobalSection
	GlobalSection(ProjectConfigurationPlatforms) = postSolution
		{974A21CA-1E6B-4562-BCC5-A0B6965BDEFE}.Debug|Any CPU.ActiveCfg = Debug|Any CPU
		{974A21CA-1E6B-4562-BCC5-A0B6965BDEFE}.Release|Any CPU.ActiveCfg = Release|Any CPU
	EndGlobalSection
	GlobalSection(SolutionProperties) = preSolution
		HideSolutionNode = FALSE
	EndGlobalSection
	GlobalSection(ExtensibilityGlobals) = postSolution
		SolutionGuid = {C2420CCF-AAE5-4FF6-A955-BAD04384DFC4}
	EndGlobalSection
EndGlobal
